
Microsoft Visual Studio Solution File, Format Version 12.00
# Visual Studio Version 16
VisualStudioVersion = 16.0.31205.134
MinimumVisualStudioVersion = 10.0.40219.1
Project("{FAE04EC0-301F-11D3-BF4B-00C04F79EFBC}") = "FolderCreation", "FolderCreation\FolderCreation.csproj", "{E2C46533-1319-4A77-8399-F3D8B9ECDED0}"
EndProject
Global
	GlobalSection(SolutionConfigurationPlatforms) = preSolution
		Debug|Any CPU = Debug|Any CPU
		Release|Any CPU = Release|Any CPU
	EndGlobalSection
	GlobalSection(ProjectConfigurationPlatforms) = postSolution
		{E2C46533-1319-4A77-8399-F3D8B9ECDED0}.Debug|Any CPU.ActiveCfg = Debug|Any CPU
		{E2C46533-1319-4A77-8399-F3D8B9ECDED0}.Debug|Any CPU.Build.0 = Debug|Any CPU
		{E2C46533-1319-4A77-8399-F3D8B9ECDED0}.Release|Any CPU.ActiveCfg = Release|Any CPU
		{E2C46533-1319-4A77-8399-F3D8B9ECDED0}.Release|Any CPU.Build.0 = Release|Any CPU
	EndGlobalSection
	GlobalSection(SolutionProperties) = preSolution
		HideSolutionNode = FALSE
	EndGlobalSection
	GlobalSection(ExtensibilityGlobals) = postSolution
		SolutionGuid = {60DA3205-6CE2-4D44-934B-3E87E5E17F90}
	EndGlobalSection
EndGlobal
